{
  "version": 1,
  "dependencies": {
    "net10.0": {
      "SharpFuzz": {
        "type": "Direct",
        "requested": "[2.3.0, )",
        "resolved": "2.3.0",
        "contentHash": "5f11toR82RVCIBTr5XuuauJgesGVXIAO6vBCvLThNbrcer9NN6qB2HCA/Q122BvH2qRPsLx14O6QVtCbgRQhog==",
        "dependencies": {
          "SharpFuzz.Common": "2.2.0",
          "dnlib": "4.4.0"
        }
      },
      "dnlib": {
        "type": "Transitive",
        "resolved": "4.4.0",
        "contentHash": "cKHI720q+zfEEvzklWVGt6B0TH3AibAyJbpUJl4U6KvTP13tycfnqJpkGHRZ/oQ45BTIoIxIwltHIJVDN+iCqQ=="
      },
      "SharpFuzz.Common": {
        "type": "Transitive",
        "resolved": "2.2.0",
        "contentHash": "biITWpwnMR7HUp43lAGU97DWq/4LfyXqqhuOK0Z4IuRP97KjQMOe/GKq3wE1KY21gNrc7OPO9HbAtQUvMKTImA=="
      },
      "tensile": {
        "type": "Project",
        "dependencies": {
          "Tensile.Kernels": "[1.0.0, )"
        }
      },
      "tensile.kernels": {
        "type": "Project"
      }
    }
  }
}